
Microsoft Visual Studio Solution File, Format Version 12.00
# Visual Studio Version 16
VisualStudioVersion = 16.0.28803.202
MinimumVisualStudioVersion = 10.0.40219.1
Project("{9A19103F-16F7-4668-BE54-9A1E7A4F7556}") = "HappyStudio.Parsing.Subtitle", "HappyStudio.Parsing.Subtitle\HappyStudio.Parsing.Subtitle.csproj", "{BF6FB4FA-ADD6-4F53-9056-D84DDC9AB63A}"
EndProject
Project("{FAE04EC0-301F-11D3-BF4B-00C04F79EFBC}") = "HappyStudio.Parsing.Subtitle.Testing", "HappyStudio.Parsing.Subtitle.Testing\HappyStudio.Parsing.Subtitle.Testing.csproj", "{6A1E9CD9-F1F5-4975-867D-C419E4401F22}"
EndProject
Global
	GlobalSection(SolutionConfigurationPlatforms) = preSolution
		Debug|Any CPU = Debug|Any CPU
		Release|Any CPU = Release|Any CPU
	EndGlobalSection
	GlobalSection(ProjectConfigurationPlatforms) = postSolution
		{BF6FB4FA-ADD6-4F53-9056-D84DDC9AB63A}.Debug|Any CPU.ActiveCfg = Debug|Any CPU
		{BF6FB4FA-ADD6-4F53-9056-D84DDC9AB63A}.Debug|Any CPU.Build.0 = Debug|Any CPU
		{BF6FB4FA-ADD6-4F53-9056-D84DDC9AB63A}.Release|Any CPU.ActiveCfg = Release|Any CPU
		{BF6FB4FA-ADD6-4F53-9056-D84DDC9AB63A}.Release|Any CPU.Build.0 = Release|Any CPU
		{6A1E9CD9-F1F5-4975-867D-C419E4401F22}.Debug|Any CPU.ActiveCfg = Debug|Any CPU
		{6A1E9CD9-F1F5-4975-867D-C419E4401F22}.Debug|Any CPU.Build.0 = Debug|Any CPU
		{6A1E9CD9-F1F5-4975-867D-C419E4401F22}.Release|Any CPU.ActiveCfg = Release|Any CPU
		{6A1E9CD9-F1F5-4975-867D-C419E4401F22}.Release|Any CPU.Build.0 = Release|Any CPU
	EndGlobalSection
	GlobalSection(SolutionProperties) = preSolution
		HideSolutionNode = FALSE
	EndGlobalSection
	GlobalSection(ExtensibilityGlobals) = postSolution
		SolutionGuid = {30B0A262-EE0A-49BA-B83C-5E44335CBEDB}
	EndGlobalSection
EndGlobal
